// !$*UTF8*$!
{
	archiveVersion = 1;
	classes = {
	};
	objectVersion = 56;
	objects = {

/* Begin PBXBuildFile section */
		894A2CD52BD24C0300399890 /* HikeApp.swift in Sources */ = {isa = PBXBuildFile; fileRef = 894A2CD42BD24C0300399890 /* HikeApp.swift */; };
		894A2CD72BD24C0300399890 /* ContentView.swift in Sources */ = {isa = PBXBuildFile; fileRef = 894A2CD62BD24C0300399890 /* ContentView.swift */; };
		894A2CD92BD24C0800399890 /* Assets.xcassets in Resources */ = {isa = PBXBuildFile; fileRef = 894A2CD82BD24C0800399890 /* Assets.xcassets */; };
		894A2CDC2BD24C0800399890 /* Preview Assets.xcassets in Resources */ = {isa = PBXBuildFile; fileRef = 894A2CDB2BD24C0800399890 /* Preview Assets.xcassets */; };
		894A2CE52BD24EC500399890 /* CardView.swift in Sources */ = {isa = PBXBuildFile; fileRef = 894A2CE42BD24EC500399890 /* CardView.swift */; };
		894A2CE82BD43E9200399890 /* CustomBackgroundView.swift in Sources */ = {isa = PBXBuildFile; fileRef = 894A2CE72BD43E9200399890 /* CustomBackgroundView.swift */; };
		894A2CEB2BD43EBF00399890 /* ColorExtension.swift in Sources */ = {isa = PBXBuildFile; fileRef = 894A2CEA2BD43EBF00399890 /* ColorExtension.swift */; };
		894A2CED2BD4476100399890 /* CustomButtonView.swift in Sources */ = {isa = PBXBuildFile; fileRef = 894A2CEC2BD4476100399890 /* CustomButtonView.swift */; };
		894A2CEF2BD4585500399890 /* GradientButtonStyle.swift in Sources */ = {isa = PBXBuildFile; fileRef = 894A2CEE2BD4585500399890 /* GradientButtonStyle.swift */; };
		894A2CF12BD6038D00399890 /* CustomCircleView.swift in Sources */ = {isa = PBXBuildFile; fileRef = 894A2CF02BD6038D00399890 /* CustomCircleView.swift */; };
		894A2CF32BD6051900399890 /* MotionAnimationView.swift in Sources */ = {isa = PBXBuildFile; fileRef = 894A2CF22BD6051900399890 /* MotionAnimationView.swift */; };
		894A2CF62BD60EB300399890 /* SettingsView.swift in Sources */ = {isa = PBXBuildFile; fileRef = 894A2CF52BD60EB300399890 /* SettingsView.swift */; };
/* End PBXBuildFile section */

/* Begin PBXFileReference section */
		894A2CD12BD24C0300399890 /* Hike.app */ = {isa = PBXFileReference; explicitFileType = wrapper.application; includeInIndex = 0; path = Hike.app; sourceTree = BUILT_PRODUCTS_DIR; };
		894A2CD42BD24C0300399890 /* HikeApp.swift */ = {isa = PBXFileReference; lastKnownFileType = sourcecode.swift; path = HikeApp.swift; sourceTree = "<group>"; };
		894A2CD62BD24C0300399890 /* ContentView.swift */ = {isa = PBXFileReference; lastKnownFileType = sourcecode.swift; path = ContentView.swift; sourceTree = "<group>"; };
		894A2CD82BD24C0800399890 /* Assets.xcassets */ = {isa = PBXFileReference; lastKnownFileType = folder.assetcatalog; path = Assets.xcassets; sourceTree = "<group>"; };
		894A2CDB2BD24C0800399890 /* Preview Assets.xcassets */ = {isa = PBXFileReference; lastKnownFileType = folder.assetcatalog; path = "Preview Assets.xcassets"; sourceTree = "<group>"; };
		894A2CE42BD24EC500399890 /* CardView.swift */ = {isa = PBXFileReference; lastKnownFileType = sourcecode.swift; path = CardView.swift; sourceTree = "<group>"; };
		894A2CE72BD43E9200399890 /* CustomBackgroundView.swift */ = {isa = PBXFileReference; lastKnownFileType = sourcecode.swift; path = CustomBackgroundView.swift; sourceTree = "<group>"; };
		894A2CEA2BD43EBF00399890 /* ColorExtension.swift */ = {isa = PBXFileReference; lastKnownFileType = sourcecode.swift; path = ColorExtension.swift; sourceTree = "<group>"; };
		894A2CEC2BD4476100399890 /* CustomButtonView.swift */ = {isa = PBXFileReference; lastKnownFileType = sourcecode.swift; path = CustomButtonView.swift; sourceTree = "<group>"; };
		894A2CEE2BD4585500399890 /* GradientButtonStyle.swift */ = {isa = PBXFileReference; lastKnownFileType = sourcecode.swift; path = GradientButtonStyle.swift; sourceTree = "<group>"; };
		894A2CF02BD6038D00399890 /* CustomCircleView.swift */ = {isa = PBXFileReference; lastKnownFileType = sourcecode.swift; path = CustomCircleView.swift; sourceTree = "<group>"; };
		894A2CF22BD6051900399890 /* MotionAnimationView.swift */ = {isa = PBXFileReference; lastKnownFileType = sourcecode.swift; path = MotionAnimationView.swift; sourceTree = "<group>"; };
		894A2CF52BD60EB300399890 /* SettingsView.swift */ = {isa = PBXFileReference; lastKnownFileType = sourcecode.swift; path = SettingsView.swift; sourceTree = "<group>"; };
/* End PBXFileReference section */

/* Begin PBXFrameworksBuildPhase section */
		894A2CCE2BD24C0300399890 /* Frameworks */ = {
			isa = PBXFrameworksBuildPhase;
			buildActionMask = 2147483647;
			files = (
			);
			runOnlyForDeploymentPostprocessing = 0;
		};
/* End PBXFrameworksBuildPhase section */

/* Begin PBXGroup section */
		894A2CC82BD24C0300399890 = {
			isa = PBXGroup;
			children = (
				894A2CD32BD24C0300399890 /* Hike */,
				894A2CD22BD24C0300399890 /* Products */,
			);
			sourceTree = "<group>";
		};
		894A2CD22BD24C0300399890 /* Products */ = {
			isa = PBXGroup;
			children = (
				894A2CD12BD24C0300399890 /* Hike.app */,
			);
			name = Products;
			sourceTree = "<group>";
		};
		894A2CD32BD24C0300399890 /* Hike */ = {
			isa = PBXGroup;
			children = (
				894A2CE92BD43EAF00399890 /* Utilities */,
				894A2CD42BD24C0300399890 /* HikeApp.swift */,
				894A2CF42BD60EA100399890 /* Screen */,
				894A2CD82BD24C0800399890 /* Assets.xcassets */,
				894A2CDA2BD24C0800399890 /* Preview Content */,
				894A2CE62BD43E4F00399890 /* Components */,
			);
			path = Hike;
			sourceTree = "<group>";
		};
		894A2CDA2BD24C0800399890 /* Preview Content */ = {
			isa = PBXGroup;
			children = (
				894A2CDB2BD24C0800399890 /* Preview Assets.xcassets */,
			);
			path = "Preview Content";
			sourceTree = "<group>";
		};
		894A2CE62BD43E4F00399890 /* Components */ = {
			isa = PBXGroup;
			children = (
				894A2CE42BD24EC500399890 /* CardView.swift */,
				894A2CE72BD43E9200399890 /* CustomBackgroundView.swift */,
				894A2CEC2BD4476100399890 /* CustomButtonView.swift */,
				894A2CF02BD6038D00399890 /* CustomCircleView.swift */,
				894A2CF22BD6051900399890 /* MotionAnimationView.swift */,
			);
			path = Components;
			sourceTree = "<group>";
		};
		894A2CE92BD43EAF00399890 /* Utilities */ = {
			isa = PBXGroup;
			children = (
				894A2CEA2BD43EBF00399890 /* ColorExtension.swift */,
				894A2CEE2BD4585500399890 /* GradientButtonStyle.swift */,
			);
			path = Utilities;
			sourceTree = "<group>";
		};
		894A2CF42BD60EA100399890 /* Screen */ = {
			isa = PBXGroup;
			children = (
				894A2CD62BD24C0300399890 /* ContentView.swift */,
				894A2CF52BD60EB300399890 /* SettingsView.swift */,
			);
			path = Screen;
			sourceTree = "<group>";
		};
/* End PBXGroup section */

/* Begin PBXNativeTarget section */
		894A2CD02BD24C0300399890 /* Hike */ = {
			isa = PBXNativeTarget;
			buildConfigurationList = 894A2CDF2BD24C0800399890 /* Build configuration list for PBXNativeTarget "Hike" */;
			buildPhases = (
				894A2CCD2BD24C0300399890 /* Sources */,
				894A2CCE2BD24C0300399890 /* Frameworks */,
				894A2CCF2BD24C0300399890 /* Resources */,
			);
			buildRules = (
			);
			dependencies = (
			);
			name = Hike;
			productName = Hike;
			productReference = 894A2CD12BD24C0300399890 /* Hike.app */;
			productType = "com.apple.product-type.application";
		};
/* End PBXNativeTarget section */

/* Begin PBXProject section */
		894A2CC92BD24C0300399890 /* Project object */ = {
			isa = PBXProject;
			attributes = {
				BuildIndependentTargetsInParallel = 1;
				LastSwiftUpdateCheck = 1530;
				LastUpgradeCheck = 1530;
				TargetAttributes = {
					894A2CD02BD24C0300399890 = {
						CreatedOnToolsVersion = 15.3;
					};
				};
			};
			buildConfigurationList = 894A2CCC2BD24C0300399890 /* Build configuration list for PBXProject "Hike" */;
			compatibilityVersion = "Xcode 14.0";
			developmentRegion = en;
			hasScannedForEncodings = 0;
			knownRegions = (
				en,
				Base,
			);
			mainGroup = 894A2CC82BD24C0300399890;
			productRefGroup = 894A2CD22BD24C0300399890 /* Products */;
			projectDirPath = "";
			projectRoot = "";
			targets = (
				894A2CD02BD24C0300399890 /* Hike */,
			);
		};
/* End PBXProject section */

/* Begin PBXResourcesBuildPhase section */
		894A2CCF2BD24C0300399890 /* Resources */ = {
			isa = PBXResourcesBuildPhase;
			buildActionMask = 2147483647;
			files = (
				894A2CDC2BD24C0800399890 /* Preview Assets.xcassets in Resources */,
				894A2CD92BD24C0800399890 /* Assets.xcassets in Resources */,
			);
			runOnlyForDeploymentPostprocessing = 0;
		};
/* End PBXResourcesBuildPhase section */

/* Begin PBXSourcesBuildPhase section */
		894A2CCD2BD24C0300399890 /* Sources */ = {
			isa = PBXSourcesBuildPhase;
			buildActionMask = 2147483647;
			files = (
				894A2CD72BD24C0300399890 /* ContentView.swift in Sources */,
				894A2CF12BD6038D00399890 /* CustomCircleView.swift in Sources */,
				894A2CE52BD24EC500399890 /* CardView.swift in Sources */,
				894A2CD52BD24C0300399890 /* HikeApp.swift in Sources */,
				894A2CED2BD4476100399890 /* CustomButtonView.swift in Sources */,
				894A2CF62BD60EB300399890 /* SettingsView.swift in Sources */,
				894A2CF32BD6051900399890 /* MotionAnimationView.swift in Sources */,
				894A2CEF2BD4585500399890 /* GradientButtonStyle.swift in Sources */,
				894A2CE82BD43E9200399890 /* CustomBackgroundView.swift in Sources */,
				894A2CEB2BD43EBF00399890 /* ColorExtension.swift in Sources */,
			);
			runOnlyForDeploymentPostprocessing = 0;
		};
/* End PBXSourcesBuildPhase section */

/* Begin XCBuildConfiguration section */
		894A2CDD2BD24C0800399890 /* Debug */ = {
			isa = XCBuildConfiguration;
			buildSettings = {
				ALWAYS_SEARCH_USER_PATHS = NO;
				ASSETCATALOG_COMPILER_GENERATE_SWIFT_ASSET_SYMBOL_EXTENSIONS = YES;
				CLANG_ANALYZER_NONNULL = YES;
				CLANG_ANALYZER_NUMBER_OBJECT_CONVERSION = YES_AGGRESSIVE;
				CLANG_CXX_LANGUAGE_STANDARD = "gnu++20";
				CLANG_ENABLE_MODULES = YES;
				CLANG_ENABLE_OBJC_ARC = YES;
				CLANG_ENABLE_OBJC_WEAK = YES;
				CLANG_WARN_BLOCK_CAPTURE_AUTORELEASING = YES;
				CLANG_WARN_BOOL_CONVERSION = YES;
				CLANG_WARN_COMMA = YES;
				CLANG_WARN_CONSTANT_CONVERSION = YES;
				CLANG_WARN_DEPRECATED_OBJC_IMPLEMENTATIONS = YES;
				CLANG_WARN_DIRECT_OBJC_ISA_USAGE = YES_ERROR;
				CLANG_WARN_DOCUMENTATION_COMMENTS = YES;
				CLANG_WARN_EMPTY_BODY = YES;
				CLANG_WARN_ENUM_CONVERSION = YES;
				CLANG_WARN_INFINITE_RECURSION = YES;
				CLANG_WARN_INT_CONVERSION = YES;
				CLANG_WARN_NON_LITERAL_NULL_CONVERSION = YES;
				CLANG_WARN_OBJC_IMPLICIT_RETAIN_SELF = YES;
				CLANG_WARN_OBJC_LITERAL_CONVERSION = YES;
				CLANG_WARN_OBJC_ROOT_CLASS = YES_ERROR;
				CLANG_WARN_QUOTED_INCLUDE_IN_FRAMEWORK_HEADER = YES;
				CLANG_WARN_RANGE_LOOP_ANALYSIS = YES;
				CLANG_WARN_STRICT_PROTOTYPES = YES;
				CLANG_WARN_SUSPICIOUS_MOVE = YES;
				CLANG_WARN_UNGUARDED_AVAILABILITY = YES_AGGRESSIVE;
				CLANG_WARN_UNREACHABLE_CODE = YES;
				CLANG_WARN__DUPLICATE_METHOD_MATCH = YES;
				COPY_PHASE_STRIP = NO;
				DEBUG_INFORMATION_FORMAT = dwarf;
				ENABLE_STRICT_OBJC_MSGSEND = YES;
				ENABLE_TESTABILITY = YES;
				ENABLE_USER_SCRIPT_SANDBOXING = YES;
				GCC_C_LANGUAGE_STANDARD = gnu17;
				GCC_DYNAMIC_NO_PIC = NO;
				GCC_NO_COMMON_BLOCKS = YES;
				GCC_OPTIMIZATION_LEVEL = 0;
				GCC_PREPROCESSOR_DEFINITIONS = (
					"DEBUG=1",
					"$(inherited)",
				);
				GCC_WARN_64_TO_32_BIT_CONVERSION = YES;
				GCC_WARN_ABOUT_RETURN_TYPE = YES_ERROR;
				GCC_WARN_UNDECLARED_SELECTOR = YES;
				GCC_WARN_UNINITIALIZED_AUTOS = YES_AGGRESSIVE;
				GCC_WARN_UNUSED_FUNCTION = YES;
				GCC_WARN_UNUSED_VARIABLE = YES;
				IPHONEOS_DEPLOYMENT_TARGET = 17.4;
				LOCALIZATION_PREFERS_STRING_CATALOGS = YES;
				MTL_ENABLE_DEBUG_INFO = INCLUDE_SOURCE;
				MTL_FAST_MATH = YES;
				ONLY_ACTIVE_ARCH = YES;
				SDKROOT = iphoneos;
				SWIFT_ACTIVE_COMPILATION_CONDITIONS = "DEBUG $(inherited)";
				SWIFT_OPTIMIZATION_LEVEL = "-Onone";
			};
			name = Debug;
		};
		894A2CDE2BD24C0800399890 /* Release */ = {
			isa = XCBuildConfiguration;
			buildSettings = {
				ALWAYS_SEARCH_USER_PATHS = NO;
				ASSETCATALOG_COMPILER_GENERATE_SWIFT_ASSET_SYMBOL_EXTENSIONS = YES;
				CLANG_ANALYZER_NONNULL = YES;
				CLANG_ANALYZER_NUMBER_OBJECT_CONVERSION = YES_AGGRESSIVE;
				CLANG_CXX_LANGUAGE_STANDARD = "gnu++20";
				CLANG_ENABLE_MODULES = YES;
				CLANG_ENABLE_OBJC_ARC = YES;
				CLANG_ENABLE_OBJC_WEAK = YES;
				CLANG_WARN_BLOCK_CAPTURE_AUTORELEASING = YES;
				CLANG_WARN_BOOL_CONVERSION = YES;
				CLANG_WARN_COMMA = YES;
				CLANG_WARN_CONSTANT_CONVERSION = YES;
				CLANG_WARN_DEPRECATED_OBJC_IMPLEMENTATIONS = YES;
				CLANG_WARN_DIRECT_OBJC_ISA_USAGE = YES_ERROR;
				CLANG_WARN_DOCUMENTATION_COMMENTS = YES;
				CLANG_WARN_EMPTY_BODY = YES;
				CLANG_WARN_ENUM_CONVERSION = YES;
				CLANG_WARN_INFINITE_RECURSION = YES;
				CLANG_WARN_INT_CONVERSION = YES;
				CLANG_WARN_NON_LITERAL_NULL_CONVERSION = YES;
				CLANG_WARN_OBJC_IMPLICIT_RETAIN_SELF = YES;
				CLANG_WARN_OBJC_LITERAL_CONVERSION = YES;
				CLANG_WARN_OBJC_ROOT_CLASS = YES_ERROR;
				CLANG_WARN_QUOTED_INCLUDE_IN_FRAMEWORK_HEADER = YES;
				CLANG_WARN_RANGE_LOOP_ANALYSIS = YES;
				CLANG_WARN_STRICT_PROTOTYPES = YES;
				CLANG_WARN_SUSPICIOUS_MOVE = YES;
				CLANG_WARN_UNGUARDED_AVAILABILITY = YES_AGGRESSIVE;
				CLANG_WARN_UNREACHABLE_CODE = YES;
				CLANG_WARN__DUPLICATE_METHOD_MATCH = YES;
				COPY_PHASE_STRIP = NO;
				DEBUG_INFORMATION_FORMAT = "dwarf-with-dsym";
				ENABLE_NS_ASSERTIONS = NO;
				ENABLE_STRICT_OBJC_MSGSEND = YES;
				ENABLE_USER_SCRIPT_SANDBOXING = YES;
				GCC_C_LANGUAGE_STANDARD = gnu17;
				GCC_NO_COMMON_BLOCKS = YES;
				GCC_WARN_64_TO_32_BIT_CONVERSION = YES;
				GCC_WARN_ABOUT_RETURN_TYPE = YES_ERROR;
				GCC_WARN_UNDECLARED_SELECTOR = YES;
				GCC_WARN_UNINITIALIZED_AUTOS = YES_AGGRESSIVE;
				GCC_WARN_UNUSED_FUNCTION = YES;
				GCC_WARN_UNUSED_VARIABLE = YES;
				IPHONEOS_DEPLOYMENT_TARGET = 17.4;
				LOCALIZATION_PREFERS_STRING_CATALOGS = YES;
				MTL_ENABLE_DEBUG_INFO = NO;
				MTL_FAST_MATH = YES;
				SDKROOT = iphoneos;
				SWIFT_COMPILATION_MODE = wholemodule;
				VALIDATE_PRODUCT = YES;
			};
			name = Release;
		};
		894A2CE02BD24C0800399890 /* Debug */ = {
			isa = XCBuildConfiguration;
			buildSettings = {
				ASSETCATALOG_COMPILER_APPICON_NAME = AppIcon;
				ASSETCATALOG_COMPILER_GLOBAL_ACCENT_COLOR_NAME = AccentColor;
				CODE_SIGN_STYLE = Automatic;
				CURRENT_PROJECT_VERSION = 1;
				DEVELOPMENT_ASSET_PATHS = "\"Hike/Preview Content\"";
				DEVELOPMENT_TEAM = 29UA44N46W;
				ENABLE_PREVIEWS = YES;
				GENERATE_INFOPLIST_FILE = YES;
				INFOPLIST_KEY_UIApplicationSceneManifest_Generation = YES;
				INFOPLIST_KEY_UIApplicationSupportsIndirectInputEvents = YES;
				INFOPLIST_KEY_UILaunchScreen_Generation = YES;
				INFOPLIST_KEY_UISupportedInterfaceOrientations_iPad = "UIInterfaceOrientationPortrait UIInterfaceOrientationPortraitUpsideDown UIInterfaceOrientationLandscapeLeft UIInterfaceOrientationLandscapeRight";
				INFOPLIST_KEY_UISupportedInterfaceOrientations_iPhone = "UIInterfaceOrientationPortrait UIInterfaceOrientationLandscapeLeft UIInterfaceOrientationLandscapeRight";
				LD_RUNPATH_SEARCH_PATHS = (
					"$(inherited)",
					"@executable_path/Frameworks",
				);
				MARKETING_VERSION = 1.0;
				PRODUCT_BUNDLE_IDENTIFIER = com.diego.ramirez.Hike;
				PRODUCT_NAME = "$(TARGET_NAME)";
				SWIFT_EMIT_LOC_STRINGS = YES;
				SWIFT_VERSION = 5.0;
				TARGETED_DEVICE_FAMILY = "1,2";
			};
			name = Debug;
		};
		894A2CE12BD24C0800399890 /* Release */ = {
			isa = XCBuildConfiguration;
			buildSettings = {
				ASSETCATALOG_COMPILER_APPICON_NAME = AppIcon;
				ASSETCATALOG_COMPILER_GLOBAL_ACCENT_COLOR_NAME = AccentColor;
				CODE_SIGN_STYLE = Automatic;
				CURRENT_PROJECT_VERSION = 1;
				DEVELOPMENT_ASSET_PATHS = "\"Hike/Preview Content\"";
				DEVELOPMENT_TEAM = 29UA44N46W;
				ENABLE_PREVIEWS = YES;
				GENERATE_INFOPLIST_FILE = YES;
				INFOPLIST_KEY_UIApplicationSceneManifest_Generation = YES;
				INFOPLIST_KEY_UIApplicationSupportsIndirectInputEvents = YES;
				INFOPLIST_KEY_UILaunchScreen_Generation = YES;
				INFOPLIST_KEY_UISupportedInterfaceOrientations_iPad = "UIInterfaceOrientationPortrait UIInterfaceOrientationPortraitUpsideDown UIInterfaceOrientationLandscapeLeft UIInterfaceOrientationLandscapeRight";
				INFOPLIST_KEY_UISupportedInterfaceOrientations_iPhone = "UIInterfaceOrientationPortrait UIInterfaceOrientationLandscapeLeft UIInterfaceOrientationLandscapeRight";
				LD_RUNPATH_SEARCH_PATHS = (
					"$(inherited)",
					"@executable_path/Frameworks",
				);
				MARKETING_VERSION = 1.0;
				PRODUCT_BUNDLE_IDENTIFIER = com.diego.ramirez.Hike;
				PRODUCT_NAME = "$(TARGET_NAME)";
				SWIFT_EMIT_LOC_STRINGS = YES;
				SWIFT_VERSION = 5.0;
				TARGETED_DEVICE_FAMILY = "1,2";
			};
			name = Release;
		};
/* End XCBuildConfiguration section */

/* Begin XCConfigurationList section */
		894A2CCC2BD24C0300399890 /* Build configuration list for PBXProject "Hike" */ = {
			isa = XCConfigurationList;
			buildConfigurations = (
				894A2CDD2BD24C0800399890 /* Debug */,
				894A2CDE2BD24C0800399890 /* Release */,
			);
			defaultConfigurationIsVisible = 0;
			defaultConfigurationName = Release;
		};
		894A2CDF2BD24C0800399890 /* Build configuration list for PBXNativeTarget "Hike" */ = {
			isa = XCConfigurationList;
			buildConfigurations = (
				894A2CE02BD24C0800399890 /* Debug */,
				894A2CE12BD24C0800399890 /* Release */,
			);
			defaultConfigurationIsVisible = 0;
			defaultConfigurationName = Release;
		};
/* End XCConfigurationList section */
	};
	rootObject = 894A2CC92BD24C0300399890 /* Project object */;
}
